
Microsoft Visual Studio Solution File, Format Version 12.00
# Visual Studio Version 16
VisualStudioVersion = 16.0.31911.196
MinimumVisualStudioVersion = 10.0.40219.1
Project("{FAE04EC0-301F-11D3-BF4B-00C04F79EFBC}") = "tersinecevirmek", "tersinecevirmek\tersinecevirmek.csproj", "{2BA730D5-05E6-4CF0-B226-337AC15A2FE7}"
EndProject
Global
	GlobalSection(SolutionConfigurationPlatforms) = preSolution
		Debug|Any CPU = Debug|Any CPU
		Release|Any CPU = Release|Any CPU
	EndGlobalSection
	GlobalSection(ProjectConfigurationPlatforms) = postSolution
		{2BA730D5-05E6-4CF0-B226-337AC15A2FE7}.Debug|Any CPU.ActiveCfg = Debug|Any CPU
		{2BA730D5-05E6-4CF0-B226-337AC15A2FE7}.Debug|Any CPU.Build.0 = Debug|Any CPU
		{2BA730D5-05E6-4CF0-B226-337AC15A2FE7}.Release|Any CPU.ActiveCfg = Release|Any CPU
		{2BA730D5-05E6-4CF0-B226-337AC15A2FE7}.Release|Any CPU.Build.0 = Release|Any CPU
	EndGlobalSection
	GlobalSection(SolutionProperties) = preSolution
		HideSolutionNode = FALSE
	EndGlobalSection
	GlobalSection(ExtensibilityGlobals) = postSolution
		SolutionGuid = {E97C824A-51B0-4581-B83F-7469820D2DC3}
	EndGlobalSection
EndGlobal
