
Microsoft Visual Studio Solution File, Format Version 12.00
# Visual Studio Version 16
VisualStudioVersion = 16.0.31911.196
MinimumVisualStudioVersion = 10.0.40219.1
Project("{FAE04EC0-301F-11D3-BF4B-00C04F79EFBC}") = "homework2", "homework2\homework2.csproj", "{603089E1-4065-419F-8EA9-0100E99DF70C}"
EndProject
Global
	GlobalSection(SolutionConfigurationPlatforms) = preSolution
		Debug|Any CPU = Debug|Any CPU
		Release|Any CPU = Release|Any CPU
	EndGlobalSection
	GlobalSection(ProjectConfigurationPlatforms) = postSolution
		{603089E1-4065-419F-8EA9-0100E99DF70C}.Debug|Any CPU.ActiveCfg = Debug|Any CPU
		{603089E1-4065-419F-8EA9-0100E99DF70C}.Debug|Any CPU.Build.0 = Debug|Any CPU
		{603089E1-4065-419F-8EA9-0100E99DF70C}.Release|Any CPU.ActiveCfg = Release|Any CPU
		{603089E1-4065-419F-8EA9-0100E99DF70C}.Release|Any CPU.Build.0 = Release|Any CPU
	EndGlobalSection
	GlobalSection(SolutionProperties) = preSolution
		HideSolutionNode = FALSE
	EndGlobalSection
	GlobalSection(ExtensibilityGlobals) = postSolution
		SolutionGuid = {EE220A44-E2AC-4388-B73C-CEACDE42679E}
	EndGlobalSection
EndGlobal
